
Microsoft Visual Studio Solution File, Format Version 12.00
# Visual Studio 15
VisualStudioVersion = 15.0.28307.779
MinimumVisualStudioVersion = 10.0.40219.1
Project("{9A19103F-16F7-4668-BE54-9A1E7A4F7556}") = "TestOnLine.WebApi", "TestOnLineApi\TestOnLine.WebApi.csproj", "{E9678134-46DB-41C8-89D4-68E79455E4BB}"
EndProject
Project("{FAE04EC0-301F-11D3-BF4B-00C04F79EFBC}") = "TestOnLine.DAL", "..\EntityFramexorkClassLibrary\EntityFramexorkClassLibrary\TestOnLine.DAL.csproj", "{57B7B0D1-113B-430A-B161-01E39DF9C8DE}"
EndProject
Project("{9A19103F-16F7-4668-BE54-9A1E7A4F7556}") = "TestOnLine.Business", "..\TestOnLine.Business\TestOnLine.Business\TestOnLine.Business.csproj", "{CB2A392C-D37F-493D-8479-276FEDD68C90}"
EndProject
Project("{FAE04EC0-301F-11D3-BF4B-00C04F79EFBC}") = "TestOnLine.Common", "..\TestOnLine.Common\TestOnLine.Common\TestOnLine.Common.csproj", "{849D0A04-04C0-4E07-8935-D64323431BB7}"
EndProject
Global
	GlobalSection(SolutionConfigurationPlatforms) = preSolution
		Debug|Any CPU = Debug|Any CPU
		Release|Any CPU = Release|Any CPU
	EndGlobalSection
	GlobalSection(ProjectConfigurationPlatforms) = postSolution
		{E9678134-46DB-41C8-89D4-68E79455E4BB}.Debug|Any CPU.ActiveCfg = Debug|Any CPU
		{E9678134-46DB-41C8-89D4-68E79455E4BB}.Debug|Any CPU.Build.0 = Debug|Any CPU
		{E9678134-46DB-41C8-89D4-68E79455E4BB}.Release|Any CPU.ActiveCfg = Release|Any CPU
		{E9678134-46DB-41C8-89D4-68E79455E4BB}.Release|Any CPU.Build.0 = Release|Any CPU
		{57B7B0D1-113B-430A-B161-01E39DF9C8DE}.Debug|Any CPU.ActiveCfg = Debug|Any CPU
		{57B7B0D1-113B-430A-B161-01E39DF9C8DE}.Debug|Any CPU.Build.0 = Debug|Any CPU
		{57B7B0D1-113B-430A-B161-01E39DF9C8DE}.Release|Any CPU.ActiveCfg = Release|Any CPU
		{57B7B0D1-113B-430A-B161-01E39DF9C8DE}.Release|Any CPU.Build.0 = Release|Any CPU
		{CB2A392C-D37F-493D-8479-276FEDD68C90}.Debug|Any CPU.ActiveCfg = Debug|Any CPU
		{CB2A392C-D37F-493D-8479-276FEDD68C90}.Debug|Any CPU.Build.0 = Debug|Any CPU
		{CB2A392C-D37F-493D-8479-276FEDD68C90}.Release|Any CPU.ActiveCfg = Release|Any CPU
		{CB2A392C-D37F-493D-8479-276FEDD68C90}.Release|Any CPU.Build.0 = Release|Any CPU
		{849D0A04-04C0-4E07-8935-D64323431BB7}.Debug|Any CPU.ActiveCfg = Debug|Any CPU
		{849D0A04-04C0-4E07-8935-D64323431BB7}.Debug|Any CPU.Build.0 = Debug|Any CPU
		{849D0A04-04C0-4E07-8935-D64323431BB7}.Release|Any CPU.ActiveCfg = Release|Any CPU
		{849D0A04-04C0-4E07-8935-D64323431BB7}.Release|Any CPU.Build.0 = Release|Any CPU
	EndGlobalSection
	GlobalSection(SolutionProperties) = preSolution
		HideSolutionNode = FALSE
	EndGlobalSection
	GlobalSection(ExtensibilityGlobals) = postSolution
		SolutionGuid = {4423D404-5A85-4F4F-8535-8B4E042DAF01}
	EndGlobalSection
EndGlobal
