
Microsoft Visual Studio Solution File, Format Version 12.00
# Visual Studio 15
VisualStudioVersion = 15.0.28307.779
MinimumVisualStudioVersion = 10.0.40219.1
Project("{FAE04EC0-301F-11D3-BF4B-00C04F79EFBC}") = "TestOnLine.Business", "TestOnLine.Business\TestOnLine.Business.csproj", "{99FFBF0C-E9EA-40D3-A5E5-BBBD04A3FC99}"
EndProject
Global
	GlobalSection(SolutionConfigurationPlatforms) = preSolution
		Debug|Any CPU = Debug|Any CPU
		Release|Any CPU = Release|Any CPU
	EndGlobalSection
	GlobalSection(ProjectConfigurationPlatforms) = postSolution
		{99FFBF0C-E9EA-40D3-A5E5-BBBD04A3FC99}.Debug|Any CPU.ActiveCfg = Debug|Any CPU
		{99FFBF0C-E9EA-40D3-A5E5-BBBD04A3FC99}.Debug|Any CPU.Build.0 = Debug|Any CPU
		{99FFBF0C-E9EA-40D3-A5E5-BBBD04A3FC99}.Release|Any CPU.ActiveCfg = Release|Any CPU
		{99FFBF0C-E9EA-40D3-A5E5-BBBD04A3FC99}.Release|Any CPU.Build.0 = Release|Any CPU
	EndGlobalSection
	GlobalSection(SolutionProperties) = preSolution
		HideSolutionNode = FALSE
	EndGlobalSection
	GlobalSection(ExtensibilityGlobals) = postSolution
		SolutionGuid = {EA3CA1C4-E534-48D7-9694-715C0B9C3D9F}
	EndGlobalSection
EndGlobal
